{
  "requires": true,
  "lockfileVersion": 1,
  "dependencies": {
    "bootstrap-4-grid": {
      "version": "2.4.1",
      "resolved": "https://registry.npmjs.org/bootstrap-4-grid/-/bootstrap-4-grid-2.4.1.tgz",
      "integrity": "sha512-CNYv91U9wSqjrUHettdacZycWS4hy8yWklwMwtACFGZsQcluVKCidXiBPhgjNv6rER4EhxIjxWFlk+s6wtFnIQ=="
    }
  }
}
