# THIS IS AN AUTOGENERATED FILE. DO NOT EDIT THIS FILE DIRECTLY.
# yarn lockfile v1


"@fortawesome/fontawesome-free@^5.8.1":
  version "5.8.1"
  resolved "https://registry.yarnpkg.com/@fortawesome/fontawesome-free/-/fontawesome-free-5.8.1.tgz#cbafbfe8894c4e3e3c3a9da6774e249ac1f2da8b"
  integrity sha512-GJtx6e55qLEOy2gPOsok2lohjpdWNGrYGtQx0FFT/++K4SYx+Z8LlPHdQBaFzKEwH5IbBB4fNgb//uyZjgYXoA==

bootstrap-4-grid@^2.4.1:
  version "2.4.1"
  resolved "https://registry.yarnpkg.com/bootstrap-4-grid/-/bootstrap-4-grid-2.4.1.tgz#71592251d614ae74e6279dee41af822325362cd3"
  integrity sha512-CNYv91U9wSqjrUHettdacZycWS4hy8yWklwMwtACFGZsQcluVKCidXiBPhgjNv6rER4EhxIjxWFlk+s6wtFnIQ==
